
Microsoft Visual Studio Solution File, Format Version 12.00
# Visual Studio Version 17
VisualStudioVersion = 17.8.34330.188
MinimumVisualStudioVersion = 10.0.40219.1
Project("{FAE04EC0-301F-11D3-BF4B-00C04F79EFBC}") = "DynamicForm", "DynamicForm\DynamicForm.csproj", "{D279F2AA-209C-407D-B537-D05944DD7506}"
EndProject
Global
	GlobalSection(SolutionConfigurationPlatforms) = preSolution
		Debug|Any CPU = Debug|Any CPU
		Release|Any CPU = Release|Any CPU
	EndGlobalSection
	GlobalSection(ProjectConfigurationPlatforms) = postSolution
		{D279F2AA-209C-407D-B537-D05944DD7506}.Debug|Any CPU.ActiveCfg = Debug|Any CPU
		{D279F2AA-209C-407D-B537-D05944DD7506}.Debug|Any CPU.Build.0 = Debug|Any CPU
		{D279F2AA-209C-407D-B537-D05944DD7506}.Release|Any CPU.ActiveCfg = Release|Any CPU
		{D279F2AA-209C-407D-B537-D05944DD7506}.Release|Any CPU.Build.0 = Release|Any CPU
	EndGlobalSection
	GlobalSection(SolutionProperties) = preSolution
		HideSolutionNode = FALSE
	EndGlobalSection
	GlobalSection(ExtensibilityGlobals) = postSolution
		SolutionGuid = {2037707C-C809-4393-B78D-1E18BE52F979}
	EndGlobalSection
EndGlobal
